
Microsoft Visual Studio Solution File, Format Version 12.00
# Visual Studio Version 17
VisualStudioVersion = 17.7.34024.191
MinimumVisualStudioVersion = 10.0.40219.1
Project("{FAE04EC0-301F-11D3-BF4B-00C04F79EFBC}") = "LessonMonitor.API", "LessonMonitor.API\LessonMonitor.API.csproj", "{C7B30DCE-F004-4989-9637-5CC1E65368A1}"
EndProject
Global
	GlobalSection(SolutionConfigurationPlatforms) = preSolution
		Debug|Any CPU = Debug|Any CPU
		Release|Any CPU = Release|Any CPU
	EndGlobalSection
	GlobalSection(ProjectConfigurationPlatforms) = postSolution
		{C7B30DCE-F004-4989-9637-5CC1E65368A1}.Debug|Any CPU.ActiveCfg = Debug|Any CPU
		{C7B30DCE-F004-4989-9637-5CC1E65368A1}.Debug|Any CPU.Build.0 = Debug|Any CPU
		{C7B30DCE-F004-4989-9637-5CC1E65368A1}.Release|Any CPU.ActiveCfg = Release|Any CPU
		{C7B30DCE-F004-4989-9637-5CC1E65368A1}.Release|Any CPU.Build.0 = Release|Any CPU
	EndGlobalSection
	GlobalSection(SolutionProperties) = preSolution
		HideSolutionNode = FALSE
	EndGlobalSection
	GlobalSection(ExtensibilityGlobals) = postSolution
		SolutionGuid = {BEE8D91F-399B-4FCA-8B97-7E4F1F81A110}
	EndGlobalSection
EndGlobal
